
Microsoft Visual Studio Solution File, Format Version 12.00
# Visual Studio Version 17
VisualStudioVersion = 17.1.32328.378
MinimumVisualStudioVersion = 10.0.40219.1
Project("{8BC9CEB8-8B4A-11D0-8D11-00A0C91BC942}") = "DebtorC++Project", "DebtorC++Project\DebtorC++Project.vcxproj", "{78B14445-5B3F-45AB-8EB8-CB76A896048B}"
EndProject
Global
	GlobalSection(SolutionConfigurationPlatforms) = preSolution
		Debug|x64 = Debug|x64
		Debug|x86 = Debug|x86
		Release|x64 = Release|x64
		Release|x86 = Release|x86
	EndGlobalSection
	GlobalSection(ProjectConfigurationPlatforms) = postSolution
		{78B14445-5B3F-45AB-8EB8-CB76A896048B}.Debug|x64.ActiveCfg = Debug|x64
		{78B14445-5B3F-45AB-8EB8-CB76A896048B}.Debug|x64.Build.0 = Debug|x64
		{78B14445-5B3F-45AB-8EB8-CB76A896048B}.Debug|x86.ActiveCfg = Debug|Win32
		{78B14445-5B3F-45AB-8EB8-CB76A896048B}.Debug|x86.Build.0 = Debug|Win32
		{78B14445-5B3F-45AB-8EB8-CB76A896048B}.Release|x64.ActiveCfg = Release|x64
		{78B14445-5B3F-45AB-8EB8-CB76A896048B}.Release|x64.Build.0 = Release|x64
		{78B14445-5B3F-45AB-8EB8-CB76A896048B}.Release|x86.ActiveCfg = Release|Win32
		{78B14445-5B3F-45AB-8EB8-CB76A896048B}.Release|x86.Build.0 = Release|Win32
	EndGlobalSection
	GlobalSection(SolutionProperties) = preSolution
		HideSolutionNode = FALSE
	EndGlobalSection
	GlobalSection(ExtensibilityGlobals) = postSolution
		SolutionGuid = {5530BDA4-42A2-4F3B-8F99-2710AFF9A16D}
	EndGlobalSection
EndGlobal
